
Microsoft Visual Studio Solution File, Format Version 12.00
# Visual Studio 16
Project("{FAE04EC0-301F-11D3-BF4B-00C04F79EFBC}") = "Assembly-CSharp", "Assembly-CSharp.csproj", "{3A547178-20B4-7F6E-A5F7-1688CA37F3C1}"
EndProject
Project("{FAE04EC0-301F-11D3-BF4B-00C04F79EFBC}") = "Assembly-CSharp-Editor", "Assembly-CSharp-Editor.csproj", "{C11DD770-06F3-E253-AD8C-A9E808985690}"
EndProject
Global
	GlobalSection(SolutionConfigurationPlatforms) = preSolution
		Debug|Any CPU = Debug|Any CPU
		Release|Any CPU = Release|Any CPU
	EndGlobalSection
	GlobalSection(ProjectConfigurationPlatforms) = postSolution
		{3A547178-20B4-7F6E-A5F7-1688CA37F3C1}.Debug|Any CPU.ActiveCfg = Debug|Any CPU
		{3A547178-20B4-7F6E-A5F7-1688CA37F3C1}.Debug|Any CPU.Build.0 = Debug|Any CPU
		{3A547178-20B4-7F6E-A5F7-1688CA37F3C1}.Release|Any CPU.ActiveCfg = Release|Any CPU
		{3A547178-20B4-7F6E-A5F7-1688CA37F3C1}.Release|Any CPU.Build.0 = Release|Any CPU
		{C11DD770-06F3-E253-AD8C-A9E808985690}.Debug|Any CPU.ActiveCfg = Debug|Any CPU
		{C11DD770-06F3-E253-AD8C-A9E808985690}.Debug|Any CPU.Build.0 = Debug|Any CPU
		{C11DD770-06F3-E253-AD8C-A9E808985690}.Release|Any CPU.ActiveCfg = Release|Any CPU
		{C11DD770-06F3-E253-AD8C-A9E808985690}.Release|Any CPU.Build.0 = Release|Any CPU
	EndGlobalSection
	GlobalSection(SolutionProperties) = preSolution
		HideSolutionNode = FALSE
	EndGlobalSection
EndGlobal
